
Microsoft Visual Studio Solution File, Format Version 12.00
# Visual Studio Version 17
VisualStudioVersion = 17.13.35828.75
MinimumVisualStudioVersion = 10.0.40219.1
Project("{FAE04EC0-301F-11D3-BF4B-00C04F79EFBC}") = "CoffeeBrewer.Test", "CoffeeBrewer.Test\CoffeeBrewer.Test.csproj", "{9262A73C-8F0F-482D-9232-CA0F79D62A2C}"
EndProject
Project("{FAE04EC0-301F-11D3-BF4B-00C04F79EFBC}") = "CoffeeBrewer.Application", "CoffeeBrewer.Application\CoffeeBrewer.Application.csproj", "{579C03B3-4706-440F-812F-F831BCCE1123}"
EndProject
Project("{FAE04EC0-301F-11D3-BF4B-00C04F79EFBC}") = "CoffeeBrewer.Domain", "CoffeeBrewer.Domain\CoffeeBrewer.Domain.csproj", "{58E0D359-1D9D-40AE-9696-EBB88CCED002}"
EndProject
Project("{FAE04EC0-301F-11D3-BF4B-00C04F79EFBC}") = "CoffeeBrewer.Infrastructure", "CoffeeBrewer.Infrastructure\CoffeeBrewer.Infrastructure.csproj", "{6BD58DF1-B858-4E8F-B6B0-1969321D87D0}"
EndProject
Project("{FAE04EC0-301F-11D3-BF4B-00C04F79EFBC}") = "CoffeeBrewer.API", "CoffeeBrewer.API\CoffeeBrewer.API.csproj", "{3179167E-E5AE-455A-B870-D34EA84399F2}"
EndProject
Global
	GlobalSection(SolutionConfigurationPlatforms) = preSolution
		Debug|Any CPU = Debug|Any CPU
		Release|Any CPU = Release|Any CPU
	EndGlobalSection
	GlobalSection(ProjectConfigurationPlatforms) = postSolution
		{9262A73C-8F0F-482D-9232-CA0F79D62A2C}.Debug|Any CPU.ActiveCfg = Debug|Any CPU
		{9262A73C-8F0F-482D-9232-CA0F79D62A2C}.Debug|Any CPU.Build.0 = Debug|Any CPU
		{9262A73C-8F0F-482D-9232-CA0F79D62A2C}.Release|Any CPU.ActiveCfg = Release|Any CPU
		{9262A73C-8F0F-482D-9232-CA0F79D62A2C}.Release|Any CPU.Build.0 = Release|Any CPU
		{579C03B3-4706-440F-812F-F831BCCE1123}.Debug|Any CPU.ActiveCfg = Debug|Any CPU
		{579C03B3-4706-440F-812F-F831BCCE1123}.Debug|Any CPU.Build.0 = Debug|Any CPU
		{579C03B3-4706-440F-812F-F831BCCE1123}.Release|Any CPU.ActiveCfg = Release|Any CPU
		{579C03B3-4706-440F-812F-F831BCCE1123}.Release|Any CPU.Build.0 = Release|Any CPU
		{58E0D359-1D9D-40AE-9696-EBB88CCED002}.Debug|Any CPU.ActiveCfg = Debug|Any CPU
		{58E0D359-1D9D-40AE-9696-EBB88CCED002}.Debug|Any CPU.Build.0 = Debug|Any CPU
		{58E0D359-1D9D-40AE-9696-EBB88CCED002}.Release|Any CPU.ActiveCfg = Release|Any CPU
		{58E0D359-1D9D-40AE-9696-EBB88CCED002}.Release|Any CPU.Build.0 = Release|Any CPU
		{6BD58DF1-B858-4E8F-B6B0-1969321D87D0}.Debug|Any CPU.ActiveCfg = Debug|Any CPU
		{6BD58DF1-B858-4E8F-B6B0-1969321D87D0}.Debug|Any CPU.Build.0 = Debug|Any CPU
		{6BD58DF1-B858-4E8F-B6B0-1969321D87D0}.Release|Any CPU.ActiveCfg = Release|Any CPU
		{6BD58DF1-B858-4E8F-B6B0-1969321D87D0}.Release|Any CPU.Build.0 = Release|Any CPU
		{3179167E-E5AE-455A-B870-D34EA84399F2}.Debug|Any CPU.ActiveCfg = Debug|Any CPU
		{3179167E-E5AE-455A-B870-D34EA84399F2}.Debug|Any CPU.Build.0 = Debug|Any CPU
		{3179167E-E5AE-455A-B870-D34EA84399F2}.Release|Any CPU.ActiveCfg = Release|Any CPU
		{3179167E-E5AE-455A-B870-D34EA84399F2}.Release|Any CPU.Build.0 = Release|Any CPU
	EndGlobalSection
	GlobalSection(SolutionProperties) = preSolution
		HideSolutionNode = FALSE
	EndGlobalSection
	GlobalSection(ExtensibilityGlobals) = postSolution
		SolutionGuid = {CF29313B-1700-4371-8A41-27E2A048EC39}
	EndGlobalSection
EndGlobal
